
Microsoft Visual Studio Solution File, Format Version 12.00
Project("{FAE04EC0-301F-11D3-BF4B-00C04F79EFBC}") = "Common", "Common\Common.csproj", "{04697BD3-BEB6-4389-A132-326A34352D87}"
EndProject
Project("{2150E333-8FDC-42A3-9474-1A3956D46DE8}") = "UserService", "UserService", "{A1F36C11-E814-40AD-8A86-CE5F95377711}"
EndProject
Project("{2150E333-8FDC-42A3-9474-1A3956D46DE8}") = "AuthService", "AuthService", "{72A98AA1-D9B7-4764-9CF7-CC3DEFF53194}"
EndProject
Project("{2150E333-8FDC-42A3-9474-1A3956D46DE8}") = "FileService", "FileService", "{C1E467B3-7539-4C87-8449-F71188B0B2D6}"
EndProject
Project("{FAE04EC0-301F-11D3-BF4B-00C04F79EFBC}") = "AuthService.Domain", "AuthService.Domain\AuthService.Domain.csproj", "{6A108558-8913-43F7-80B5-A20DD4EBF597}"
EndProject
Project("{FAE04EC0-301F-11D3-BF4B-00C04F79EFBC}") = "AuthService.Infrastructure", "AuthService.Infrastructure\AuthService.Infrastructure.csproj", "{FC10D889-9E9D-4D39-A476-3C64457E5684}"
EndProject
Project("{FAE04EC0-301F-11D3-BF4B-00C04F79EFBC}") = "UserService.Domain", "UserService.Domain\UserService.Domain.csproj", "{3C30AB97-CAB6-4A85-BB2E-8B1F590E3926}"
EndProject
Project("{FAE04EC0-301F-11D3-BF4B-00C04F79EFBC}") = "UserService.Infrastructure", "UserService.Infrastructure\UserService.Infrastructure.csproj", "{176743E5-2A1F-4BA4-9433-8338E3CE54FA}"
EndProject
Project("{FAE04EC0-301F-11D3-BF4B-00C04F79EFBC}") = "FileService.Domain", "FileService.Domain\FileService.Domain.csproj", "{98266235-6128-46A7-AC5F-C39FED21C412}"
EndProject
Project("{FAE04EC0-301F-11D3-BF4B-00C04F79EFBC}") = "FileService.Infrastructure", "FileService.Infrastructure\FileService.Infrastructure.csproj", "{C1A0D71F-1D66-41F0-9229-D5E782972151}"
EndProject
Project("{FAE04EC0-301F-11D3-BF4B-00C04F79EFBC}") = "AuthService.Application", "AuthService.Application\AuthService.Application.csproj", "{D13BC09D-E172-40B2-9DD4-E521A1B36575}"
EndProject
Global
	GlobalSection(SolutionConfigurationPlatforms) = preSolution
		Debug|Any CPU = Debug|Any CPU
		Release|Any CPU = Release|Any CPU
	EndGlobalSection
	GlobalSection(ProjectConfigurationPlatforms) = postSolution
		{04697BD3-BEB6-4389-A132-326A34352D87}.Debug|Any CPU.ActiveCfg = Debug|Any CPU
		{04697BD3-BEB6-4389-A132-326A34352D87}.Debug|Any CPU.Build.0 = Debug|Any CPU
		{04697BD3-BEB6-4389-A132-326A34352D87}.Release|Any CPU.ActiveCfg = Release|Any CPU
		{04697BD3-BEB6-4389-A132-326A34352D87}.Release|Any CPU.Build.0 = Release|Any CPU
		{6A108558-8913-43F7-80B5-A20DD4EBF597}.Debug|Any CPU.ActiveCfg = Debug|Any CPU
		{6A108558-8913-43F7-80B5-A20DD4EBF597}.Debug|Any CPU.Build.0 = Debug|Any CPU
		{6A108558-8913-43F7-80B5-A20DD4EBF597}.Release|Any CPU.ActiveCfg = Release|Any CPU
		{6A108558-8913-43F7-80B5-A20DD4EBF597}.Release|Any CPU.Build.0 = Release|Any CPU
		{FC10D889-9E9D-4D39-A476-3C64457E5684}.Debug|Any CPU.ActiveCfg = Debug|Any CPU
		{FC10D889-9E9D-4D39-A476-3C64457E5684}.Debug|Any CPU.Build.0 = Debug|Any CPU
		{FC10D889-9E9D-4D39-A476-3C64457E5684}.Release|Any CPU.ActiveCfg = Release|Any CPU
		{FC10D889-9E9D-4D39-A476-3C64457E5684}.Release|Any CPU.Build.0 = Release|Any CPU
		{3C30AB97-CAB6-4A85-BB2E-8B1F590E3926}.Debug|Any CPU.ActiveCfg = Debug|Any CPU
		{3C30AB97-CAB6-4A85-BB2E-8B1F590E3926}.Debug|Any CPU.Build.0 = Debug|Any CPU
		{3C30AB97-CAB6-4A85-BB2E-8B1F590E3926}.Release|Any CPU.ActiveCfg = Release|Any CPU
		{3C30AB97-CAB6-4A85-BB2E-8B1F590E3926}.Release|Any CPU.Build.0 = Release|Any CPU
		{176743E5-2A1F-4BA4-9433-8338E3CE54FA}.Debug|Any CPU.ActiveCfg = Debug|Any CPU
		{176743E5-2A1F-4BA4-9433-8338E3CE54FA}.Debug|Any CPU.Build.0 = Debug|Any CPU
		{176743E5-2A1F-4BA4-9433-8338E3CE54FA}.Release|Any CPU.ActiveCfg = Release|Any CPU
		{176743E5-2A1F-4BA4-9433-8338E3CE54FA}.Release|Any CPU.Build.0 = Release|Any CPU
		{98266235-6128-46A7-AC5F-C39FED21C412}.Debug|Any CPU.ActiveCfg = Debug|Any CPU
		{98266235-6128-46A7-AC5F-C39FED21C412}.Debug|Any CPU.Build.0 = Debug|Any CPU
		{98266235-6128-46A7-AC5F-C39FED21C412}.Release|Any CPU.ActiveCfg = Release|Any CPU
		{98266235-6128-46A7-AC5F-C39FED21C412}.Release|Any CPU.Build.0 = Release|Any CPU
		{C1A0D71F-1D66-41F0-9229-D5E782972151}.Debug|Any CPU.ActiveCfg = Debug|Any CPU
		{C1A0D71F-1D66-41F0-9229-D5E782972151}.Debug|Any CPU.Build.0 = Debug|Any CPU
		{C1A0D71F-1D66-41F0-9229-D5E782972151}.Release|Any CPU.ActiveCfg = Release|Any CPU
		{C1A0D71F-1D66-41F0-9229-D5E782972151}.Release|Any CPU.Build.0 = Release|Any CPU
		{D13BC09D-E172-40B2-9DD4-E521A1B36575}.Debug|Any CPU.ActiveCfg = Debug|Any CPU
		{D13BC09D-E172-40B2-9DD4-E521A1B36575}.Debug|Any CPU.Build.0 = Debug|Any CPU
		{D13BC09D-E172-40B2-9DD4-E521A1B36575}.Release|Any CPU.ActiveCfg = Release|Any CPU
		{D13BC09D-E172-40B2-9DD4-E521A1B36575}.Release|Any CPU.Build.0 = Release|Any CPU
	EndGlobalSection
	GlobalSection(NestedProjects) = preSolution
		{6A108558-8913-43F7-80B5-A20DD4EBF597} = {72A98AA1-D9B7-4764-9CF7-CC3DEFF53194}
		{FC10D889-9E9D-4D39-A476-3C64457E5684} = {72A98AA1-D9B7-4764-9CF7-CC3DEFF53194}
		{3C30AB97-CAB6-4A85-BB2E-8B1F590E3926} = {A1F36C11-E814-40AD-8A86-CE5F95377711}
		{176743E5-2A1F-4BA4-9433-8338E3CE54FA} = {A1F36C11-E814-40AD-8A86-CE5F95377711}
		{98266235-6128-46A7-AC5F-C39FED21C412} = {C1E467B3-7539-4C87-8449-F71188B0B2D6}
		{C1A0D71F-1D66-41F0-9229-D5E782972151} = {C1E467B3-7539-4C87-8449-F71188B0B2D6}
		{D13BC09D-E172-40B2-9DD4-E521A1B36575} = {72A98AA1-D9B7-4764-9CF7-CC3DEFF53194}
	EndGlobalSection
EndGlobal
